
Microsoft Visual Studio Solution File, Format Version 12.00
# Visual Studio 15
VisualStudioVersion = 15.0.27130.2026
MinimumVisualStudioVersion = 10.0.40219.1
Project("{9A19103F-16F7-4668-BE54-9A1E7A4F7556}") = "VJA_Reg", "VJA_Reg\VJA_Reg.csproj", "{3C2EC6F4-64DF-4C31-986C-2C3D9B611D42}"
EndProject
Global
	GlobalSection(SolutionConfigurationPlatforms) = preSolution
		Debug|Any CPU = Debug|Any CPU
		Release|Any CPU = Release|Any CPU
	EndGlobalSection
	GlobalSection(ProjectConfigurationPlatforms) = postSolution
		{3C2EC6F4-64DF-4C31-986C-2C3D9B611D42}.Debug|Any CPU.ActiveCfg = Debug|Any CPU
		{3C2EC6F4-64DF-4C31-986C-2C3D9B611D42}.Debug|Any CPU.Build.0 = Debug|Any CPU
		{3C2EC6F4-64DF-4C31-986C-2C3D9B611D42}.Release|Any CPU.ActiveCfg = Release|Any CPU
		{3C2EC6F4-64DF-4C31-986C-2C3D9B611D42}.Release|Any CPU.Build.0 = Release|Any CPU
	EndGlobalSection
	GlobalSection(SolutionProperties) = preSolution
		HideSolutionNode = FALSE
	EndGlobalSection
	GlobalSection(ExtensibilityGlobals) = postSolution
		SolutionGuid = {2EE809E8-C535-4DB5-AC35-E5EE8912A9A5}
	EndGlobalSection
EndGlobal
